{
  "version": 4,
  "terraform_version": "1.3.7",
  "serial": 3,
  "lineage": "bf5fc13e-0fd2-c959-956a-270ae40e35eb",
  "outputs": {},
  "resources": [
    {
      "mode": "managed",
      "type": "aws_vpc",
      "name": "vpctest",
      "provider": "provider[\"registry.terraform.io/hashicorp/aws\"]",
      "instances": [
        {
          "schema_version": 1,
          "attributes": {
            "arn": "arn:aws:ec2:eu-west-3:491380487175:vpc/vpc-04d7ecf2f06ad3430",
            "assign_generated_ipv6_cidr_block": false,
            "cidr_block": "10.0.0.0/16",
            "default_network_acl_id": "acl-09c755ffc853da9ba",
            "default_route_table_id": "rtb-0c70559b4dabbd9ff",
            "default_security_group_id": "sg-0722bd1657a486674",
            "dhcp_options_id": "dopt-00212d0d063b4c7c0",
            "enable_classiclink": false,
            "enable_classiclink_dns_support": false,
            "enable_dns_hostnames": false,
            "enable_dns_support": false,
            "enable_network_address_usage_metrics": false,
            "id": "vpc-04d7ecf2f06ad3430",
            "instance_tenancy": "default",
            "ipv4_ipam_pool_id": null,
            "ipv4_netmask_length": null,
            "ipv6_association_id": "",
            "ipv6_cidr_block": "",
            "ipv6_cidr_block_network_border_group": "",
            "ipv6_ipam_pool_id": "",
            "ipv6_netmask_length": 0,
            "main_route_table_id": "rtb-0c70559b4dabbd9ff",
            "owner_id": "491380487175",
            "tags": null,
            "tags_all": {}
          },
          "sensitive_attributes": [],
          "private": "eyJzY2hlbWFfdmVyc2lvbiI6IjEifQ=="
        }
      ]
    }
  ],
  "check_results": null
}
